{
	"name": "node-easel-test",
	"version": "0.1.2",
	"lockfileVersion": 1,
	"requires": true,
	"dependencies": {
		"canvas": {
			"version": "1.6.13",
			"resolved": "https://registry.npmjs.org/canvas/-/canvas-1.6.13.tgz",
			"integrity": "sha512-XAfzfEOHZ3JIPjEV+WSI6PpISgUta3dgmndWbsajotz+0TQOX/jDpp2kawjRERatOGv9sMMzk5auB3GKEKA6hg==",
			"requires": {
				"nan": "^2.10.0"
			}
		},
		"ffmpeg": {
			"version": "0.0.4",
			"resolved": "https://registry.npmjs.org/ffmpeg/-/ffmpeg-0.0.4.tgz",
			"integrity": "sha1-HEYN+OfaUSf2LO70v6BsWciWMMs=",
			"requires": {
				"when": ">= 0.0.1"
			}
		},
		"nan": {
			"version": "2.11.1",
			"resolved": "https://registry.npmjs.org/nan/-/nan-2.11.1.tgz",
			"integrity": "sha512-iji6k87OSXa0CcrLl9z+ZiYSuR2o+c0bGuNmXdrhTQTakxytAFsC56SArGYoiHlJlFoHSnvmhpceZJaXkVuOtA=="
		},
		"node-easel": {
			"version": "0.1.2",
			"resolved": "https://registry.npmjs.org/node-easel/-/node-easel-0.1.2.tgz",
			"integrity": "sha1-wjahUjzC1laaPUSxj+iSEBWNdDE=",
			"requires": {
				"canvas": "1.x"
			}
		},
		"when": {
			"version": "3.7.8",
			"resolved": "https://registry.npmjs.org/when/-/when-3.7.8.tgz",
			"integrity": "sha1-xxMLan6gRpPoQs3J56Hyqjmjn4I="
		}
	}
}
